
Microsoft Visual Studio Solution File, Format Version 12.00
# Visual Studio Version 16
VisualStudioVersion = 16.0.30011.22
MinimumVisualStudioVersion = 10.0.40219.1
Project("{FAE04EC0-301F-11D3-BF4B-00C04F79EFBC}") = "SozlukDesktop.UI", "SozlukDesktop.UI\SozlukDesktop.UI.csproj", "{6C3032B5-2E85-4DB8-A087-DE6556E15443}"
EndProject
Global
	GlobalSection(SolutionConfigurationPlatforms) = preSolution
		Debug|Any CPU = Debug|Any CPU
		Release|Any CPU = Release|Any CPU
	EndGlobalSection
	GlobalSection(ProjectConfigurationPlatforms) = postSolution
		{6C3032B5-2E85-4DB8-A087-DE6556E15443}.Debug|Any CPU.ActiveCfg = Debug|Any CPU
		{6C3032B5-2E85-4DB8-A087-DE6556E15443}.Debug|Any CPU.Build.0 = Debug|Any CPU
		{6C3032B5-2E85-4DB8-A087-DE6556E15443}.Release|Any CPU.ActiveCfg = Release|Any CPU
		{6C3032B5-2E85-4DB8-A087-DE6556E15443}.Release|Any CPU.Build.0 = Release|Any CPU
	EndGlobalSection
	GlobalSection(SolutionProperties) = preSolution
		HideSolutionNode = FALSE
	EndGlobalSection
	GlobalSection(ExtensibilityGlobals) = postSolution
		SolutionGuid = {AEABDAA3-0A6A-4B35-A053-9F84B078257B}
	EndGlobalSection
EndGlobal
